
Microsoft Visual Studio Solution File, Format Version 12.00
# Visual Studio Version 16
VisualStudioVersion = 16.0.29418.71
MinimumVisualStudioVersion = 10.0.40219.1
Project("{FAE04EC0-301F-11D3-BF4B-00C04F79EFBC}") = "HostelBusinessLogic", "HostelBindingModels\HostelBusinessLogic.csproj", "{B6447A0A-7809-4F7C-812A-9D7D152B325C}"
EndProject
Global
	GlobalSection(SolutionConfigurationPlatforms) = preSolution
		Debug|Any CPU = Debug|Any CPU
		Release|Any CPU = Release|Any CPU
	EndGlobalSection
	GlobalSection(ProjectConfigurationPlatforms) = postSolution
		{B6447A0A-7809-4F7C-812A-9D7D152B325C}.Debug|Any CPU.ActiveCfg = Debug|Any CPU
		{B6447A0A-7809-4F7C-812A-9D7D152B325C}.Debug|Any CPU.Build.0 = Debug|Any CPU
		{B6447A0A-7809-4F7C-812A-9D7D152B325C}.Release|Any CPU.ActiveCfg = Release|Any CPU
		{B6447A0A-7809-4F7C-812A-9D7D152B325C}.Release|Any CPU.Build.0 = Release|Any CPU
	EndGlobalSection
	GlobalSection(SolutionProperties) = preSolution
		HideSolutionNode = FALSE
	EndGlobalSection
	GlobalSection(ExtensibilityGlobals) = postSolution
		SolutionGuid = {0C6415C1-3D4C-4D90-B1DD-D6E34F1BAC5C}
	EndGlobalSection
EndGlobal
